{
  "name": "with_npm",
  "version": "1.0.0",
  "lockfileVersion": 3,
  "requires": true,
  "packages": {
    "": {
      "name": "with_npm",
      "version": "1.0.0",
      "license": "ISC",
      "dependencies": {
        "@dimforge/rapier3d-compat": "^0.17.3"
      }
    },
    "node_modules/@dimforge/rapier3d-compat": {
      "version": "0.17.3",
      "resolved": "https://registry.npmjs.org/@dimforge/rapier3d-compat/-/rapier3d-compat-0.17.3.tgz",
      "integrity": "sha512-hxtaaqtfUWQvYbA/vstSEMZupObTMdM1u+5vTQlXNdWueRRhJ+toxREhaplok5W1/4ErxO6qdezbRM2eqEQsqw==",
      "license": "Apache-2.0"
    }
  }
}
